
Microsoft Visual Studio Solution File, Format Version 12.00
Project("{2150E333-8FDC-42A3-9474-1A3956D46DE8}") = "scr", "scr", "{46E43136-6290-402E-828D-AF3FE19AECFB}"
EndProject
Project("{2150E333-8FDC-42A3-9474-1A3956D46DE8}") = "tests", "tests", "{8CBA2544-6B66-4C17-9241-7D8C89CE217B}"
EndProject
Project("{FAE04EC0-301F-11D3-BF4B-00C04F79EFBC}") = "Questor.Core", "src\Questor.Core\Questor.Core.csproj", "{2209A0E1-3EA4-4869-80F0-20AA62E58BDA}"
EndProject
Project("{FAE04EC0-301F-11D3-BF4B-00C04F79EFBC}") = "Questor.Infrasctructure", "src\Questor.Infrasctructure\Questor.Infrasctructure.csproj", "{1998085A-649E-447A-94F4-2F5CE2078DE3}"
EndProject
Project("{FAE04EC0-301F-11D3-BF4B-00C04F79EFBC}") = "Questor.Web", "src\Questor.Web\Questor.Web.csproj", "{B30DAFD5-524A-41C0-A776-9399D7B42A7C}"
EndProject
Global
	GlobalSection(SolutionConfigurationPlatforms) = preSolution
		Debug|Any CPU = Debug|Any CPU
		Release|Any CPU = Release|Any CPU
	EndGlobalSection
	GlobalSection(ProjectConfigurationPlatforms) = postSolution
		{2209A0E1-3EA4-4869-80F0-20AA62E58BDA}.Debug|Any CPU.ActiveCfg = Debug|Any CPU
		{2209A0E1-3EA4-4869-80F0-20AA62E58BDA}.Debug|Any CPU.Build.0 = Debug|Any CPU
		{2209A0E1-3EA4-4869-80F0-20AA62E58BDA}.Release|Any CPU.ActiveCfg = Release|Any CPU
		{2209A0E1-3EA4-4869-80F0-20AA62E58BDA}.Release|Any CPU.Build.0 = Release|Any CPU
		{1998085A-649E-447A-94F4-2F5CE2078DE3}.Debug|Any CPU.ActiveCfg = Debug|Any CPU
		{1998085A-649E-447A-94F4-2F5CE2078DE3}.Debug|Any CPU.Build.0 = Debug|Any CPU
		{1998085A-649E-447A-94F4-2F5CE2078DE3}.Release|Any CPU.ActiveCfg = Release|Any CPU
		{1998085A-649E-447A-94F4-2F5CE2078DE3}.Release|Any CPU.Build.0 = Release|Any CPU
		{B30DAFD5-524A-41C0-A776-9399D7B42A7C}.Debug|Any CPU.ActiveCfg = Debug|Any CPU
		{B30DAFD5-524A-41C0-A776-9399D7B42A7C}.Debug|Any CPU.Build.0 = Debug|Any CPU
		{B30DAFD5-524A-41C0-A776-9399D7B42A7C}.Release|Any CPU.ActiveCfg = Release|Any CPU
		{B30DAFD5-524A-41C0-A776-9399D7B42A7C}.Release|Any CPU.Build.0 = Release|Any CPU
	EndGlobalSection
	GlobalSection(NestedProjects) = preSolution
		{2209A0E1-3EA4-4869-80F0-20AA62E58BDA} = {46E43136-6290-402E-828D-AF3FE19AECFB}
		{1998085A-649E-447A-94F4-2F5CE2078DE3} = {46E43136-6290-402E-828D-AF3FE19AECFB}
		{B30DAFD5-524A-41C0-A776-9399D7B42A7C} = {46E43136-6290-402E-828D-AF3FE19AECFB}
	EndGlobalSection
EndGlobal
